// !$*UTF8*$!
{
	archiveVersion = 1;
	classes = {
	};
	objectVersion = 56;
	objects = {

/* Begin PBXBuildFile section */
		49080F952A36FD07007F130F /* Valorant Font.ttf in Resources */ = {isa = PBXBuildFile; fileRef = 49080F942A36FD07007F130F /* Valorant Font.ttf */; };
		491B59322A1F4BBF00F0791F /* HexColor.swift in Sources */ = {isa = PBXBuildFile; fileRef = 491B59312A1F4BBF00F0791F /* HexColor.swift */; };
		491B59342A1F4F1D00F0791F /* TabNavigator.swift in Sources */ = {isa = PBXBuildFile; fileRef = 491B59332A1F4F1D00F0791F /* TabNavigator.swift */; };
		491B59382A1F591C00F0791F /* SettingsView.swift in Sources */ = {isa = PBXBuildFile; fileRef = 491B59372A1F591C00F0791F /* SettingsView.swift */; };
		491B593A2A1F61F600F0791F /* AgentListCard.swift in Sources */ = {isa = PBXBuildFile; fileRef = 491B59392A1F61F600F0791F /* AgentListCard.swift */; };
		491B593E2A1F7A7A00F0791F /* WeaponListCard.swift in Sources */ = {isa = PBXBuildFile; fileRef = 491B593D2A1F7A7A00F0791F /* WeaponListCard.swift */; };
		491B59402A1F83A200F0791F /* ContentFlag.swift in Sources */ = {isa = PBXBuildFile; fileRef = 491B593F2A1F83A200F0791F /* ContentFlag.swift */; };
		491B59442A1F8B5700F0791F /* AgentDescription.swift in Sources */ = {isa = PBXBuildFile; fileRef = 491B59432A1F8B5700F0791F /* AgentDescription.swift */; };
		491B59462A1F8B9400F0791F /* Dummies.swift in Sources */ = {isa = PBXBuildFile; fileRef = 491B59452A1F8B9400F0791F /* Dummies.swift */; };
		491B59482A1F8D1500F0791F /* AgentNameDisplay.swift in Sources */ = {isa = PBXBuildFile; fileRef = 491B59472A1F8D1500F0791F /* AgentNameDisplay.swift */; };
		491B594A2A1F8F2900F0791F /* AgentProfilePicture.swift in Sources */ = {isa = PBXBuildFile; fileRef = 491B59492A1F8F2900F0791F /* AgentProfilePicture.swift */; };
		491B594F2A1FBF5A00F0791F /* WeaponImage.swift in Sources */ = {isa = PBXBuildFile; fileRef = 491B594E2A1FBF5A00F0791F /* WeaponImage.swift */; };
		491B59532A1FC58100F0791F /* SkinItem.swift in Sources */ = {isa = PBXBuildFile; fileRef = 491B59522A1FC58100F0791F /* SkinItem.swift */; };
		491B59552A20158500F0791F /* WeaponFrontCard.swift in Sources */ = {isa = PBXBuildFile; fileRef = 491B59542A20158500F0791F /* WeaponFrontCard.swift */; };
		491B59582A201A8400F0791F /* WeaponBackCard.swift in Sources */ = {isa = PBXBuildFile; fileRef = 491B59572A201A8400F0791F /* WeaponBackCard.swift */; };
		4928ECC72A3353200026E717 /* iPadWelcome.swift in Sources */ = {isa = PBXBuildFile; fileRef = 4928ECC62A3353200026E717 /* iPadWelcome.swift */; };
		4981275B2A1E030A00B2B01D /* ValorantApp.swift in Sources */ = {isa = PBXBuildFile; fileRef = 4981275A2A1E030A00B2B01D /* ValorantApp.swift */; };
		4981275D2A1E030A00B2B01D /* ContentView.swift in Sources */ = {isa = PBXBuildFile; fileRef = 4981275C2A1E030A00B2B01D /* ContentView.swift */; };
		4981275F2A1E030B00B2B01D /* Assets.xcassets in Resources */ = {isa = PBXBuildFile; fileRef = 4981275E2A1E030B00B2B01D /* Assets.xcassets */; };
		498127622A1E030B00B2B01D /* Preview Assets.xcassets in Resources */ = {isa = PBXBuildFile; fileRef = 498127612A1E030B00B2B01D /* Preview Assets.xcassets */; };
		4981276A2A1E032C00B2B01D /* Agents.swift in Sources */ = {isa = PBXBuildFile; fileRef = 498127692A1E032C00B2B01D /* Agents.swift */; };
		4981276D2A1E03D600B2B01D /* AgentsService.swift in Sources */ = {isa = PBXBuildFile; fileRef = 4981276C2A1E03D600B2B01D /* AgentsService.swift */; };
		498127712A1E165600B2B01D /* AgentsListView.swift in Sources */ = {isa = PBXBuildFile; fileRef = 498127702A1E165600B2B01D /* AgentsListView.swift */; };
		498127752A1E272500B2B01D /* NavigationButton.swift in Sources */ = {isa = PBXBuildFile; fileRef = 498127742A1E272500B2B01D /* NavigationButton.swift */; };
		498127772A1E448900B2B01D /* AgentView.swift in Sources */ = {isa = PBXBuildFile; fileRef = 498127762A1E448900B2B01D /* AgentView.swift */; };
		498127792A1E618400B2B01D /* Weapons.swift in Sources */ = {isa = PBXBuildFile; fileRef = 498127782A1E618400B2B01D /* Weapons.swift */; };
		4981277B2A1E634200B2B01D /* WeaponsService.swift in Sources */ = {isa = PBXBuildFile; fileRef = 4981277A2A1E634200B2B01D /* WeaponsService.swift */; };
		4981277D2A1E64BB00B2B01D /* WeaponsListView.swift in Sources */ = {isa = PBXBuildFile; fileRef = 4981277C2A1E64BB00B2B01D /* WeaponsListView.swift */; };
		4981277F2A1E688B00B2B01D /* WeaponView.swift in Sources */ = {isa = PBXBuildFile; fileRef = 4981277E2A1E688B00B2B01D /* WeaponView.swift */; };
		4981FD932A2409C600811D97 /* RandomColor.swift in Sources */ = {isa = PBXBuildFile; fileRef = 4981FD922A2409C600811D97 /* RandomColor.swift */; };
		4981FD952A240A5600811D97 /* ValorantDesign.swift in Sources */ = {isa = PBXBuildFile; fileRef = 4981FD942A240A5600811D97 /* ValorantDesign.swift */; };
		4997ACEC2A2738BD00553075 /* Localizable.strings in Resources */ = {isa = PBXBuildFile; fileRef = 4997ACEE2A2738BD00553075 /* Localizable.strings */; };
		4997ACF42A275C5900553075 /* CustomNavigationBarTitle.swift in Sources */ = {isa = PBXBuildFile; fileRef = 4997ACF32A275C5900553075 /* CustomNavigationBarTitle.swift */; };
		4997ACF62A27958600553075 /* SkinsView.swift in Sources */ = {isa = PBXBuildFile; fileRef = 4997ACF52A27958600553075 /* SkinsView.swift */; };
/* End PBXBuildFile section */

/* Begin PBXFileReference section */
		49080F8F2A335F3D007F130F /* Info.plist */ = {isa = PBXFileReference; fileEncoding = 4; lastKnownFileType = text.plist.xml; path = Info.plist; sourceTree = "<group>"; };
		49080F942A36FD07007F130F /* Valorant Font.ttf */ = {isa = PBXFileReference; lastKnownFileType = file; path = "Valorant Font.ttf"; sourceTree = "<group>"; };
		491B59312A1F4BBF00F0791F /* HexColor.swift */ = {isa = PBXFileReference; lastKnownFileType = sourcecode.swift; path = HexColor.swift; sourceTree = "<group>"; };
		491B59332A1F4F1D00F0791F /* TabNavigator.swift */ = {isa = PBXFileReference; lastKnownFileType = sourcecode.swift; path = TabNavigator.swift; sourceTree = "<group>"; };
		491B59372A1F591C00F0791F /* SettingsView.swift */ = {isa = PBXFileReference; lastKnownFileType = sourcecode.swift; path = SettingsView.swift; sourceTree = "<group>"; };
		491B59392A1F61F600F0791F /* AgentListCard.swift */ = {isa = PBXFileReference; lastKnownFileType = sourcecode.swift; path = AgentListCard.swift; sourceTree = "<group>"; };
		491B593D2A1F7A7A00F0791F /* WeaponListCard.swift */ = {isa = PBXFileReference; lastKnownFileType = sourcecode.swift; path = WeaponListCard.swift; sourceTree = "<group>"; };
		491B593F2A1F83A200F0791F /* ContentFlag.swift */ = {isa = PBXFileReference; lastKnownFileType = sourcecode.swift; path = ContentFlag.swift; sourceTree = "<group>"; };
		491B59432A1F8B5700F0791F /* AgentDescription.swift */ = {isa = PBXFileReference; lastKnownFileType = sourcecode.swift; path = AgentDescription.swift; sourceTree = "<group>"; };
		491B59452A1F8B9400F0791F /* Dummies.swift */ = {isa = PBXFileReference; lastKnownFileType = sourcecode.swift; path = Dummies.swift; sourceTree = "<group>"; };
		491B59472A1F8D1500F0791F /* AgentNameDisplay.swift */ = {isa = PBXFileReference; lastKnownFileType = sourcecode.swift; path = AgentNameDisplay.swift; sourceTree = "<group>"; };
		491B59492A1F8F2900F0791F /* AgentProfilePicture.swift */ = {isa = PBXFileReference; lastKnownFileType = sourcecode.swift; path = AgentProfilePicture.swift; sourceTree = "<group>"; };
		491B594E2A1FBF5A00F0791F /* WeaponImage.swift */ = {isa = PBXFileReference; lastKnownFileType = sourcecode.swift; path = WeaponImage.swift; sourceTree = "<group>"; };
		491B59522A1FC58100F0791F /* SkinItem.swift */ = {isa = PBXFileReference; lastKnownFileType = sourcecode.swift; path = SkinItem.swift; sourceTree = "<group>"; };
		491B59542A20158500F0791F /* WeaponFrontCard.swift */ = {isa = PBXFileReference; lastKnownFileType = sourcecode.swift; path = WeaponFrontCard.swift; sourceTree = "<group>"; };
		491B59572A201A8400F0791F /* WeaponBackCard.swift */ = {isa = PBXFileReference; lastKnownFileType = sourcecode.swift; path = WeaponBackCard.swift; sourceTree = "<group>"; };
		4928ECC62A3353200026E717 /* iPadWelcome.swift */ = {isa = PBXFileReference; lastKnownFileType = sourcecode.swift; path = iPadWelcome.swift; sourceTree = "<group>"; };
		498127572A1E030900B2B01D /* Valorant.app */ = {isa = PBXFileReference; explicitFileType = wrapper.application; includeInIndex = 0; path = Valorant.app; sourceTree = BUILT_PRODUCTS_DIR; };
		4981275A2A1E030A00B2B01D /* ValorantApp.swift */ = {isa = PBXFileReference; lastKnownFileType = sourcecode.swift; path = ValorantApp.swift; sourceTree = "<group>"; };
		4981275C2A1E030A00B2B01D /* ContentView.swift */ = {isa = PBXFileReference; lastKnownFileType = sourcecode.swift; path = ContentView.swift; sourceTree = "<group>"; };
		4981275E2A1E030B00B2B01D /* Assets.xcassets */ = {isa = PBXFileReference; lastKnownFileType = folder.assetcatalog; path = Assets.xcassets; sourceTree = "<group>"; };
		498127612A1E030B00B2B01D /* Preview Assets.xcassets */ = {isa = PBXFileReference; lastKnownFileType = folder.assetcatalog; path = "Preview Assets.xcassets"; sourceTree = "<group>"; };
		498127692A1E032C00B2B01D /* Agents.swift */ = {isa = PBXFileReference; lastKnownFileType = sourcecode.swift; path = Agents.swift; sourceTree = "<group>"; };
		4981276C2A1E03D600B2B01D /* AgentsService.swift */ = {isa = PBXFileReference; lastKnownFileType = sourcecode.swift; path = AgentsService.swift; sourceTree = "<group>"; };
		498127702A1E165600B2B01D /* AgentsListView.swift */ = {isa = PBXFileReference; lastKnownFileType = sourcecode.swift; path = AgentsListView.swift; sourceTree = "<group>"; };
		498127742A1E272500B2B01D /* NavigationButton.swift */ = {isa = PBXFileReference; lastKnownFileType = sourcecode.swift; path = NavigationButton.swift; sourceTree = "<group>"; };
		498127762A1E448900B2B01D /* AgentView.swift */ = {isa = PBXFileReference; lastKnownFileType = sourcecode.swift; path = AgentView.swift; sourceTree = "<group>"; };
		498127782A1E618400B2B01D /* Weapons.swift */ = {isa = PBXFileReference; lastKnownFileType = sourcecode.swift; path = Weapons.swift; sourceTree = "<group>"; };
		4981277A2A1E634200B2B01D /* WeaponsService.swift */ = {isa = PBXFileReference; lastKnownFileType = sourcecode.swift; path = WeaponsService.swift; sourceTree = "<group>"; };
		4981277C2A1E64BB00B2B01D /* WeaponsListView.swift */ = {isa = PBXFileReference; lastKnownFileType = sourcecode.swift; path = WeaponsListView.swift; sourceTree = "<group>"; };
		4981277E2A1E688B00B2B01D /* WeaponView.swift */ = {isa = PBXFileReference; lastKnownFileType = sourcecode.swift; path = WeaponView.swift; sourceTree = "<group>"; };
		4981FD902A20E3A600811D97 /* RussoOne-Regular.ttf */ = {isa = PBXFileReference; lastKnownFileType = file; path = "RussoOne-Regular.ttf"; sourceTree = "<group>"; };
		4981FD922A2409C600811D97 /* RandomColor.swift */ = {isa = PBXFileReference; lastKnownFileType = sourcecode.swift; path = RandomColor.swift; sourceTree = "<group>"; };
		4981FD942A240A5600811D97 /* ValorantDesign.swift */ = {isa = PBXFileReference; lastKnownFileType = sourcecode.swift; path = ValorantDesign.swift; sourceTree = "<group>"; };
		4997ACED2A2738BD00553075 /* en */ = {isa = PBXFileReference; lastKnownFileType = text.plist.strings; name = en; path = en.lproj/Localizable.strings; sourceTree = "<group>"; };
		4997ACEF2A2738BE00553075 /* de */ = {isa = PBXFileReference; lastKnownFileType = text.plist.strings; name = de; path = de.lproj/Localizable.strings; sourceTree = "<group>"; };
		4997ACF02A2738BF00553075 /* es */ = {isa = PBXFileReference; lastKnownFileType = text.plist.strings; name = es; path = es.lproj/Localizable.strings; sourceTree = "<group>"; };
		4997ACF32A275C5900553075 /* CustomNavigationBarTitle.swift */ = {isa = PBXFileReference; lastKnownFileType = sourcecode.swift; path = CustomNavigationBarTitle.swift; sourceTree = "<group>"; };
		4997ACF52A27958600553075 /* SkinsView.swift */ = {isa = PBXFileReference; lastKnownFileType = sourcecode.swift; path = SkinsView.swift; sourceTree = "<group>"; };
/* End PBXFileReference section */

/* Begin PBXFrameworksBuildPhase section */
		498127542A1E030900B2B01D /* Frameworks */ = {
			isa = PBXFrameworksBuildPhase;
			buildActionMask = 2147483647;
			files = (
			);
			runOnlyForDeploymentPostprocessing = 0;
		};
/* End PBXFrameworksBuildPhase section */

/* Begin PBXGroup section */
		49080F932A36FCA8007F130F /* Fonts */ = {
			isa = PBXGroup;
			children = (
				49080F942A36FD07007F130F /* Valorant Font.ttf */,
			);
			path = Fonts;
			sourceTree = "<group>";
		};
		491B59302A1F4BB000F0791F /* Tools */ = {
			isa = PBXGroup;
			children = (
				491B59312A1F4BBF00F0791F /* HexColor.swift */,
				491B59452A1F8B9400F0791F /* Dummies.swift */,
				4981FD922A2409C600811D97 /* RandomColor.swift */,
				4981FD942A240A5600811D97 /* ValorantDesign.swift */,
			);
			path = Tools;
			sourceTree = "<group>";
		};
		491B593B2A1F7A1600F0791F /* Settings */ = {
			isa = PBXGroup;
			children = (
				4928ECC62A3353200026E717 /* iPadWelcome.swift */,
				491B59372A1F591C00F0791F /* SettingsView.swift */,
			);
			path = Settings;
			sourceTree = "<group>";
		};
		491B593C2A1F7A2300F0791F /* Views */ = {
			isa = PBXGroup;
			children = (
				491B59422A1F8B4800F0791F /* Agents */,
				491B594B2A1FBC3900F0791F /* Weapons */,
				491B593B2A1F7A1600F0791F /* Settings */,
			);
			path = Views;
			sourceTree = "<group>";
		};
		491B59412A1F899300F0791F /* Discarded */ = {
			isa = PBXGroup;
			children = (
				491B59572A201A8400F0791F /* WeaponBackCard.swift */,
				491B59542A20158500F0791F /* WeaponFrontCard.swift */,
				4981275C2A1E030A00B2B01D /* ContentView.swift */,
			);
			path = Discarded;
			sourceTree = "<group>";
		};
		491B59422A1F8B4800F0791F /* Agents */ = {
			isa = PBXGroup;
			children = (
				498127702A1E165600B2B01D /* AgentsListView.swift */,
				498127762A1E448900B2B01D /* AgentView.swift */,
				491B59392A1F61F600F0791F /* AgentListCard.swift */,
				491B59432A1F8B5700F0791F /* AgentDescription.swift */,
				491B59472A1F8D1500F0791F /* AgentNameDisplay.swift */,
				491B59492A1F8F2900F0791F /* AgentProfilePicture.swift */,
			);
			path = Agents;
			sourceTree = "<group>";
		};
		491B594B2A1FBC3900F0791F /* Weapons */ = {
			isa = PBXGroup;
			children = (
				4981277C2A1E64BB00B2B01D /* WeaponsListView.swift */,
				4981277E2A1E688B00B2B01D /* WeaponView.swift */,
				491B593D2A1F7A7A00F0791F /* WeaponListCard.swift */,
				491B594E2A1FBF5A00F0791F /* WeaponImage.swift */,
				4997ACF52A27958600553075 /* SkinsView.swift */,
				491B59522A1FC58100F0791F /* SkinItem.swift */,
			);
			path = Weapons;
			sourceTree = "<group>";
		};
		4981274E2A1E030900B2B01D = {
			isa = PBXGroup;
			children = (
				4981275A2A1E030A00B2B01D /* ValorantApp.swift */,
				491B59332A1F4F1D00F0791F /* TabNavigator.swift */,
				498127722A1E165B00B2B01D /* App */,
				4981276B2A1E03BC00B2B01D /* Services */,
				491B59302A1F4BB000F0791F /* Tools */,
				498127592A1E030A00B2B01D /* Valorant */,
				498127582A1E030900B2B01D /* Products */,
			);
			sourceTree = "<group>";
		};
		498127582A1E030900B2B01D /* Products */ = {
			isa = PBXGroup;
			children = (
				498127572A1E030900B2B01D /* Valorant.app */,
			);
			name = Products;
			sourceTree = "<group>";
		};
		498127592A1E030A00B2B01D /* Valorant */ = {
			isa = PBXGroup;
			children = (
				4997ACEE2A2738BD00553075 /* Localizable.strings */,
				4981275E2A1E030B00B2B01D /* Assets.xcassets */,
				498127602A1E030B00B2B01D /* Preview Content */,
				49080F8F2A335F3D007F130F /* Info.plist */,
				491B59412A1F899300F0791F /* Discarded */,
			);
			path = Valorant;
			sourceTree = "<group>";
		};
		498127602A1E030B00B2B01D /* Preview Content */ = {
			isa = PBXGroup;
			children = (
				4981FD902A20E3A600811D97 /* RussoOne-Regular.ttf */,
				498127612A1E030B00B2B01D /* Preview Assets.xcassets */,
			);
			path = "Preview Content";
			sourceTree = "<group>";
		};
		498127682A1E031100B2B01D /* Models */ = {
			isa = PBXGroup;
			children = (
				498127692A1E032C00B2B01D /* Agents.swift */,
				498127782A1E618400B2B01D /* Weapons.swift */,
			);
			path = Models;
			sourceTree = "<group>";
		};
		4981276B2A1E03BC00B2B01D /* Services */ = {
			isa = PBXGroup;
			children = (
				4981276C2A1E03D600B2B01D /* AgentsService.swift */,
				4981277A2A1E634200B2B01D /* WeaponsService.swift */,
			);
			path = Services;
			sourceTree = "<group>";
		};
		498127722A1E165B00B2B01D /* App */ = {
			isa = PBXGroup;
			children = (
				49080F932A36FCA8007F130F /* Fonts */,
				498127682A1E031100B2B01D /* Models */,
				491B593C2A1F7A2300F0791F /* Views */,
				498127732A1E271000B2B01D /* Components */,
			);
			path = App;
			sourceTree = "<group>";
		};
		498127732A1E271000B2B01D /* Components */ = {
			isa = PBXGroup;
			children = (
				498127742A1E272500B2B01D /* NavigationButton.swift */,
				491B593F2A1F83A200F0791F /* ContentFlag.swift */,
				4997ACF32A275C5900553075 /* CustomNavigationBarTitle.swift */,
			);
			path = Components;
			sourceTree = "<group>";
		};
/* End PBXGroup section */

/* Begin PBXNativeTarget section */
		498127562A1E030900B2B01D /* Valorant */ = {
			isa = PBXNativeTarget;
			buildConfigurationList = 498127652A1E030B00B2B01D /* Build configuration list for PBXNativeTarget "Valorant" */;
			buildPhases = (
				498127532A1E030900B2B01D /* Sources */,
				498127542A1E030900B2B01D /* Frameworks */,
				498127552A1E030900B2B01D /* Resources */,
			);
			buildRules = (
			);
			dependencies = (
			);
			name = Valorant;
			productName = Valorant;
			productReference = 498127572A1E030900B2B01D /* Valorant.app */;
			productType = "com.apple.product-type.application";
		};
/* End PBXNativeTarget section */

/* Begin PBXProject section */
		4981274F2A1E030900B2B01D /* Project object */ = {
			isa = PBXProject;
			attributes = {
				BuildIndependentTargetsInParallel = 1;
				LastSwiftUpdateCheck = 1430;
				LastUpgradeCheck = 1430;
				TargetAttributes = {
					498127562A1E030900B2B01D = {
						CreatedOnToolsVersion = 14.3;
					};
				};
			};
			buildConfigurationList = 498127522A1E030900B2B01D /* Build configuration list for PBXProject "Valorant" */;
			compatibilityVersion = "Xcode 14.0";
			developmentRegion = en;
			hasScannedForEncodings = 0;
			knownRegions = (
				en,
				Base,
				es,
				de,
			);
			mainGroup = 4981274E2A1E030900B2B01D;
			productRefGroup = 498127582A1E030900B2B01D /* Products */;
			projectDirPath = "";
			projectRoot = "";
			targets = (
				498127562A1E030900B2B01D /* Valorant */,
			);
		};
/* End PBXProject section */

/* Begin PBXResourcesBuildPhase section */
		498127552A1E030900B2B01D /* Resources */ = {
			isa = PBXResourcesBuildPhase;
			buildActionMask = 2147483647;
			files = (
				498127622A1E030B00B2B01D /* Preview Assets.xcassets in Resources */,
				4997ACEC2A2738BD00553075 /* Localizable.strings in Resources */,
				4981275F2A1E030B00B2B01D /* Assets.xcassets in Resources */,
				49080F952A36FD07007F130F /* Valorant Font.ttf in Resources */,
			);
			runOnlyForDeploymentPostprocessing = 0;
		};
/* End PBXResourcesBuildPhase section */

/* Begin PBXSourcesBuildPhase section */
		498127532A1E030900B2B01D /* Sources */ = {
			isa = PBXSourcesBuildPhase;
			buildActionMask = 2147483647;
			files = (
				4981FD952A240A5600811D97 /* ValorantDesign.swift in Sources */,
				498127752A1E272500B2B01D /* NavigationButton.swift in Sources */,
				4981276A2A1E032C00B2B01D /* Agents.swift in Sources */,
				4981277F2A1E688B00B2B01D /* WeaponView.swift in Sources */,
				4928ECC72A3353200026E717 /* iPadWelcome.swift in Sources */,
				491B593E2A1F7A7A00F0791F /* WeaponListCard.swift in Sources */,
				4981276D2A1E03D600B2B01D /* AgentsService.swift in Sources */,
				491B59482A1F8D1500F0791F /* AgentNameDisplay.swift in Sources */,
				491B593A2A1F61F600F0791F /* AgentListCard.swift in Sources */,
				4981275D2A1E030A00B2B01D /* ContentView.swift in Sources */,
				4997ACF62A27958600553075 /* SkinsView.swift in Sources */,
				491B59342A1F4F1D00F0791F /* TabNavigator.swift in Sources */,
				491B59552A20158500F0791F /* WeaponFrontCard.swift in Sources */,
				498127772A1E448900B2B01D /* AgentView.swift in Sources */,
				491B59402A1F83A200F0791F /* ContentFlag.swift in Sources */,
				4981275B2A1E030A00B2B01D /* ValorantApp.swift in Sources */,
				498127792A1E618400B2B01D /* Weapons.swift in Sources */,
				491B59382A1F591C00F0791F /* SettingsView.swift in Sources */,
				4981FD932A2409C600811D97 /* RandomColor.swift in Sources */,
				491B59582A201A8400F0791F /* WeaponBackCard.swift in Sources */,
				4981277D2A1E64BB00B2B01D /* WeaponsListView.swift in Sources */,
				491B594A2A1F8F2900F0791F /* AgentProfilePicture.swift in Sources */,
				4981277B2A1E634200B2B01D /* WeaponsService.swift in Sources */,
				491B59442A1F8B5700F0791F /* AgentDescription.swift in Sources */,
				491B59532A1FC58100F0791F /* SkinItem.swift in Sources */,
				498127712A1E165600B2B01D /* AgentsListView.swift in Sources */,
				4997ACF42A275C5900553075 /* CustomNavigationBarTitle.swift in Sources */,
				491B59322A1F4BBF00F0791F /* HexColor.swift in Sources */,
				491B594F2A1FBF5A00F0791F /* WeaponImage.swift in Sources */,
				491B59462A1F8B9400F0791F /* Dummies.swift in Sources */,
			);
			runOnlyForDeploymentPostprocessing = 0;
		};
/* End PBXSourcesBuildPhase section */

/* Begin PBXVariantGroup section */
		4997ACEE2A2738BD00553075 /* Localizable.strings */ = {
			isa = PBXVariantGroup;
			children = (
				4997ACED2A2738BD00553075 /* en */,
				4997ACEF2A2738BE00553075 /* de */,
				4997ACF02A2738BF00553075 /* es */,
			);
			name = Localizable.strings;
			sourceTree = "<group>";
		};
/* End PBXVariantGroup section */

/* Begin XCBuildConfiguration section */
		498127632A1E030B00B2B01D /* Debug */ = {
			isa = XCBuildConfiguration;
			buildSettings = {
				ALWAYS_SEARCH_USER_PATHS = NO;
				CLANG_ANALYZER_NONNULL = YES;
				CLANG_ANALYZER_NUMBER_OBJECT_CONVERSION = YES_AGGRESSIVE;
				CLANG_CXX_LANGUAGE_STANDARD = "gnu++20";
				CLANG_ENABLE_MODULES = YES;
				CLANG_ENABLE_OBJC_ARC = YES;
				CLANG_ENABLE_OBJC_WEAK = YES;
				CLANG_WARN_BLOCK_CAPTURE_AUTORELEASING = YES;
				CLANG_WARN_BOOL_CONVERSION = YES;
				CLANG_WARN_COMMA = YES;
				CLANG_WARN_CONSTANT_CONVERSION = YES;
				CLANG_WARN_DEPRECATED_OBJC_IMPLEMENTATIONS = YES;
				CLANG_WARN_DIRECT_OBJC_ISA_USAGE = YES_ERROR;
				CLANG_WARN_DOCUMENTATION_COMMENTS = YES;
				CLANG_WARN_EMPTY_BODY = YES;
				CLANG_WARN_ENUM_CONVERSION = YES;
				CLANG_WARN_INFINITE_RECURSION = YES;
				CLANG_WARN_INT_CONVERSION = YES;
				CLANG_WARN_NON_LITERAL_NULL_CONVERSION = YES;
				CLANG_WARN_OBJC_IMPLICIT_RETAIN_SELF = YES;
				CLANG_WARN_OBJC_LITERAL_CONVERSION = YES;
				CLANG_WARN_OBJC_ROOT_CLASS = YES_ERROR;
				CLANG_WARN_QUOTED_INCLUDE_IN_FRAMEWORK_HEADER = YES;
				CLANG_WARN_RANGE_LOOP_ANALYSIS = YES;
				CLANG_WARN_STRICT_PROTOTYPES = YES;
				CLANG_WARN_SUSPICIOUS_MOVE = YES;
				CLANG_WARN_UNGUARDED_AVAILABILITY = YES_AGGRESSIVE;
				CLANG_WARN_UNREACHABLE_CODE = YES;
				CLANG_WARN__DUPLICATE_METHOD_MATCH = YES;
				COPY_PHASE_STRIP = NO;
				DEBUG_INFORMATION_FORMAT = dwarf;
				ENABLE_STRICT_OBJC_MSGSEND = YES;
				ENABLE_TESTABILITY = YES;
				GCC_C_LANGUAGE_STANDARD = gnu11;
				GCC_DYNAMIC_NO_PIC = NO;
				GCC_NO_COMMON_BLOCKS = YES;
				GCC_OPTIMIZATION_LEVEL = 0;
				GCC_PREPROCESSOR_DEFINITIONS = (
					"DEBUG=1",
					"$(inherited)",
				);
				GCC_WARN_64_TO_32_BIT_CONVERSION = YES;
				GCC_WARN_ABOUT_RETURN_TYPE = YES_ERROR;
				GCC_WARN_UNDECLARED_SELECTOR = YES;
				GCC_WARN_UNINITIALIZED_AUTOS = YES_AGGRESSIVE;
				GCC_WARN_UNUSED_FUNCTION = YES;
				GCC_WARN_UNUSED_VARIABLE = YES;
				IPHONEOS_DEPLOYMENT_TARGET = 16.0;
				MTL_ENABLE_DEBUG_INFO = INCLUDE_SOURCE;
				MTL_FAST_MATH = YES;
				ONLY_ACTIVE_ARCH = YES;
				SDKROOT = iphoneos;
				SWIFT_ACTIVE_COMPILATION_CONDITIONS = DEBUG;
				SWIFT_OPTIMIZATION_LEVEL = "-Onone";
			};
			name = Debug;
		};
		498127642A1E030B00B2B01D /* Release */ = {
			isa = XCBuildConfiguration;
			buildSettings = {
				ALWAYS_SEARCH_USER_PATHS = NO;
				CLANG_ANALYZER_NONNULL = YES;
				CLANG_ANALYZER_NUMBER_OBJECT_CONVERSION = YES_AGGRESSIVE;
				CLANG_CXX_LANGUAGE_STANDARD = "gnu++20";
				CLANG_ENABLE_MODULES = YES;
				CLANG_ENABLE_OBJC_ARC = YES;
				CLANG_ENABLE_OBJC_WEAK = YES;
				CLANG_WARN_BLOCK_CAPTURE_AUTORELEASING = YES;
				CLANG_WARN_BOOL_CONVERSION = YES;
				CLANG_WARN_COMMA = YES;
				CLANG_WARN_CONSTANT_CONVERSION = YES;
				CLANG_WARN_DEPRECATED_OBJC_IMPLEMENTATIONS = YES;
				CLANG_WARN_DIRECT_OBJC_ISA_USAGE = YES_ERROR;
				CLANG_WARN_DOCUMENTATION_COMMENTS = YES;
				CLANG_WARN_EMPTY_BODY = YES;
				CLANG_WARN_ENUM_CONVERSION = YES;
				CLANG_WARN_INFINITE_RECURSION = YES;
				CLANG_WARN_INT_CONVERSION = YES;
				CLANG_WARN_NON_LITERAL_NULL_CONVERSION = YES;
				CLANG_WARN_OBJC_IMPLICIT_RETAIN_SELF = YES;
				CLANG_WARN_OBJC_LITERAL_CONVERSION = YES;
				CLANG_WARN_OBJC_ROOT_CLASS = YES_ERROR;
				CLANG_WARN_QUOTED_INCLUDE_IN_FRAMEWORK_HEADER = YES;
				CLANG_WARN_RANGE_LOOP_ANALYSIS = YES;
				CLANG_WARN_STRICT_PROTOTYPES = YES;
				CLANG_WARN_SUSPICIOUS_MOVE = YES;
				CLANG_WARN_UNGUARDED_AVAILABILITY = YES_AGGRESSIVE;
				CLANG_WARN_UNREACHABLE_CODE = YES;
				CLANG_WARN__DUPLICATE_METHOD_MATCH = YES;
				COPY_PHASE_STRIP = NO;
				DEBUG_INFORMATION_FORMAT = "dwarf-with-dsym";
				ENABLE_NS_ASSERTIONS = NO;
				ENABLE_STRICT_OBJC_MSGSEND = YES;
				GCC_C_LANGUAGE_STANDARD = gnu11;
				GCC_NO_COMMON_BLOCKS = YES;
				GCC_WARN_64_TO_32_BIT_CONVERSION = YES;
				GCC_WARN_ABOUT_RETURN_TYPE = YES_ERROR;
				GCC_WARN_UNDECLARED_SELECTOR = YES;
				GCC_WARN_UNINITIALIZED_AUTOS = YES_AGGRESSIVE;
				GCC_WARN_UNUSED_FUNCTION = YES;
				GCC_WARN_UNUSED_VARIABLE = YES;
				IPHONEOS_DEPLOYMENT_TARGET = 16.0;
				MTL_ENABLE_DEBUG_INFO = NO;
				MTL_FAST_MATH = YES;
				SDKROOT = iphoneos;
				SWIFT_COMPILATION_MODE = wholemodule;
				SWIFT_OPTIMIZATION_LEVEL = "-O";
				VALIDATE_PRODUCT = YES;
			};
			name = Release;
		};
		498127662A1E030B00B2B01D /* Debug */ = {
			isa = XCBuildConfiguration;
			buildSettings = {
				ASSETCATALOG_COMPILER_APPICON_NAME = AppIcon;
				ASSETCATALOG_COMPILER_GLOBAL_ACCENT_COLOR_NAME = AccentColor;
				CODE_SIGN_IDENTITY = "Apple Development";
				CODE_SIGN_STYLE = Automatic;
				CURRENT_PROJECT_VERSION = 1;
				DEVELOPMENT_ASSET_PATHS = "\"Valorant/Preview Content\"";
				DEVELOPMENT_TEAM = 3DV3NSQV64;
				ENABLE_PREVIEWS = YES;
				GENERATE_INFOPLIST_FILE = YES;
				INFOPLIST_FILE = Valorant/Info.plist;
				INFOPLIST_KEY_CFBundleDisplayName = "";
				INFOPLIST_KEY_LSApplicationCategoryType = "";
				INFOPLIST_KEY_UIApplicationSceneManifest_Generation = YES;
				INFOPLIST_KEY_UIApplicationSupportsIndirectInputEvents = YES;
				INFOPLIST_KEY_UILaunchScreen_Generation = YES;
				INFOPLIST_KEY_UISupportedInterfaceOrientations_iPad = "UIInterfaceOrientationPortrait UIInterfaceOrientationPortraitUpsideDown UIInterfaceOrientationLandscapeLeft UIInterfaceOrientationLandscapeRight";
				INFOPLIST_KEY_UISupportedInterfaceOrientations_iPhone = "UIInterfaceOrientationPortrait UIInterfaceOrientationLandscapeLeft UIInterfaceOrientationLandscapeRight";
				IPHONEOS_DEPLOYMENT_TARGET = 16.0;
				LD_RUNPATH_SEARCH_PATHS = (
					"$(inherited)",
					"@executable_path/Frameworks",
				);
				MARKETING_VERSION = 1.0;
				PRODUCT_BUNDLE_IDENTIFIER = com.miguelcorrea.Valorant;
				PRODUCT_NAME = "$(TARGET_NAME)";
				PROVISIONING_PROFILE_SPECIFIER = "";
				SWIFT_EMIT_LOC_STRINGS = YES;
				SWIFT_VERSION = 5.0;
				TARGETED_DEVICE_FAMILY = "1,2";
			};
			name = Debug;
		};
		498127672A1E030B00B2B01D /* Release */ = {
			isa = XCBuildConfiguration;
			buildSettings = {
				ASSETCATALOG_COMPILER_APPICON_NAME = AppIcon;
				ASSETCATALOG_COMPILER_GLOBAL_ACCENT_COLOR_NAME = AccentColor;
				CODE_SIGN_IDENTITY = "Apple Development";
				CODE_SIGN_STYLE = Automatic;
				CURRENT_PROJECT_VERSION = 1;
				DEVELOPMENT_ASSET_PATHS = "\"Valorant/Preview Content\"";
				DEVELOPMENT_TEAM = 3DV3NSQV64;
				ENABLE_PREVIEWS = YES;
				GENERATE_INFOPLIST_FILE = YES;
				INFOPLIST_FILE = Valorant/Info.plist;
				INFOPLIST_KEY_CFBundleDisplayName = "";
				INFOPLIST_KEY_LSApplicationCategoryType = "";
				INFOPLIST_KEY_UIApplicationSceneManifest_Generation = YES;
				INFOPLIST_KEY_UIApplicationSupportsIndirectInputEvents = YES;
				INFOPLIST_KEY_UILaunchScreen_Generation = YES;
				INFOPLIST_KEY_UISupportedInterfaceOrientations_iPad = "UIInterfaceOrientationPortrait UIInterfaceOrientationPortraitUpsideDown UIInterfaceOrientationLandscapeLeft UIInterfaceOrientationLandscapeRight";
				INFOPLIST_KEY_UISupportedInterfaceOrientations_iPhone = "UIInterfaceOrientationPortrait UIInterfaceOrientationLandscapeLeft UIInterfaceOrientationLandscapeRight";
				IPHONEOS_DEPLOYMENT_TARGET = 16.0;
				LD_RUNPATH_SEARCH_PATHS = (
					"$(inherited)",
					"@executable_path/Frameworks",
				);
				MARKETING_VERSION = 1.0;
				PRODUCT_BUNDLE_IDENTIFIER = com.miguelcorrea.Valorant;
				PRODUCT_NAME = "$(TARGET_NAME)";
				PROVISIONING_PROFILE_SPECIFIER = "";
				SWIFT_EMIT_LOC_STRINGS = YES;
				SWIFT_VERSION = 5.0;
				TARGETED_DEVICE_FAMILY = "1,2";
			};
			name = Release;
		};
/* End XCBuildConfiguration section */

/* Begin XCConfigurationList section */
		498127522A1E030900B2B01D /* Build configuration list for PBXProject "Valorant" */ = {
			isa = XCConfigurationList;
			buildConfigurations = (
				498127632A1E030B00B2B01D /* Debug */,
				498127642A1E030B00B2B01D /* Release */,
			);
			defaultConfigurationIsVisible = 0;
			defaultConfigurationName = Release;
		};
		498127652A1E030B00B2B01D /* Build configuration list for PBXNativeTarget "Valorant" */ = {
			isa = XCConfigurationList;
			buildConfigurations = (
				498127662A1E030B00B2B01D /* Debug */,
				498127672A1E030B00B2B01D /* Release */,
			);
			defaultConfigurationIsVisible = 0;
			defaultConfigurationName = Release;
		};
/* End XCConfigurationList section */
	};
	rootObject = 4981274F2A1E030900B2B01D /* Project object */;
}
